
Microsoft Visual Studio Solution File, Format Version 12.00
# Visual Studio Version 17
VisualStudioVersion = 17.13.35818.85 d17.13
MinimumVisualStudioVersion = 10.0.40219.1
Project("{8BC9CEB8-8B4A-11D0-8D11-00A0C91BC942}") = "lw31", "lw31\lw31.vcxproj", "{CD69815E-0EBF-6408-D1A7-16A0226F6584}"
EndProject
Global
	GlobalSection(SolutionConfigurationPlatforms) = preSolution
		Debug|x64 = Debug|x64
		Debug|x86 = Debug|x86
		Release|x64 = Release|x64
		Release|x86 = Release|x86
	EndGlobalSection
	GlobalSection(ProjectConfigurationPlatforms) = postSolution
		{CD69815E-0EBF-6408-D1A7-16A0226F6584}.Debug|x64.ActiveCfg = Debug|x64
		{CD69815E-0EBF-6408-D1A7-16A0226F6584}.Debug|x64.Build.0 = Debug|x64
		{CD69815E-0EBF-6408-D1A7-16A0226F6584}.Debug|x86.ActiveCfg = Debug|Win32
		{CD69815E-0EBF-6408-D1A7-16A0226F6584}.Debug|x86.Build.0 = Debug|Win32
		{CD69815E-0EBF-6408-D1A7-16A0226F6584}.Release|x64.ActiveCfg = Release|x64
		{CD69815E-0EBF-6408-D1A7-16A0226F6584}.Release|x64.Build.0 = Release|x64
		{CD69815E-0EBF-6408-D1A7-16A0226F6584}.Release|x86.ActiveCfg = Release|Win32
		{CD69815E-0EBF-6408-D1A7-16A0226F6584}.Release|x86.Build.0 = Release|Win32
	EndGlobalSection
	GlobalSection(SolutionProperties) = preSolution
		HideSolutionNode = FALSE
	EndGlobalSection
	GlobalSection(ExtensibilityGlobals) = postSolution
		SolutionGuid = {E75DBBA1-968B-4652-8CA6-CA681CB85A85}
	EndGlobalSection
EndGlobal
